
Microsoft Visual Studio Solution File, Format Version 12.00
# Visual Studio Version 17
VisualStudioVersion = 17.13.35818.85 d17.13
MinimumVisualStudioVersion = 10.0.40219.1
Project("{8BC9CEB8-8B4A-11D0-8D11-00A0C91BC942}") = "UniversityCandidates", "UniversityCandidates.vcxproj", "{5F2A0E27-522E-B440-C251-38FACD4E95E0}"
EndProject
Project("{8BC9CEB8-8B4A-11D0-8D11-00A0C91BC942}") = "UniversityApi", "UniversityApi\UniversityApi.vcxproj", "{394C306E-40C4-4E07-9FA7-50750245CD85}"
EndProject
Global
	GlobalSection(SolutionConfigurationPlatforms) = preSolution
		Debug|x64 = Debug|x64
		Debug|x86 = Debug|x86
		Release|x64 = Release|x64
		Release|x86 = Release|x86
	EndGlobalSection
	GlobalSection(ProjectConfigurationPlatforms) = postSolution
		{5F2A0E27-522E-B440-C251-38FACD4E95E0}.Debug|x64.ActiveCfg = Debug|x64
		{5F2A0E27-522E-B440-C251-38FACD4E95E0}.Debug|x64.Build.0 = Debug|x64
		{5F2A0E27-522E-B440-C251-38FACD4E95E0}.Debug|x86.ActiveCfg = Debug|Win32
		{5F2A0E27-522E-B440-C251-38FACD4E95E0}.Debug|x86.Build.0 = Debug|Win32
		{5F2A0E27-522E-B440-C251-38FACD4E95E0}.Release|x64.ActiveCfg = Release|x64
		{5F2A0E27-522E-B440-C251-38FACD4E95E0}.Release|x64.Build.0 = Release|x64
		{5F2A0E27-522E-B440-C251-38FACD4E95E0}.Release|x86.ActiveCfg = Release|Win32
		{5F2A0E27-522E-B440-C251-38FACD4E95E0}.Release|x86.Build.0 = Release|Win32
		{394C306E-40C4-4E07-9FA7-50750245CD85}.Debug|x64.ActiveCfg = Debug|x64
		{394C306E-40C4-4E07-9FA7-50750245CD85}.Debug|x64.Build.0 = Debug|x64
		{394C306E-40C4-4E07-9FA7-50750245CD85}.Debug|x86.ActiveCfg = Debug|Win32
		{394C306E-40C4-4E07-9FA7-50750245CD85}.Debug|x86.Build.0 = Debug|Win32
		{394C306E-40C4-4E07-9FA7-50750245CD85}.Release|x64.ActiveCfg = Release|x64
		{394C306E-40C4-4E07-9FA7-50750245CD85}.Release|x64.Build.0 = Release|x64
		{394C306E-40C4-4E07-9FA7-50750245CD85}.Release|x86.ActiveCfg = Release|Win32
		{394C306E-40C4-4E07-9FA7-50750245CD85}.Release|x86.Build.0 = Release|Win32
	EndGlobalSection
	GlobalSection(SolutionProperties) = preSolution
		HideSolutionNode = FALSE
	EndGlobalSection
	GlobalSection(ExtensibilityGlobals) = postSolution
		SolutionGuid = {C1E34517-2065-4434-8282-8D76D64BE2FC}
	EndGlobalSection
EndGlobal
